// !$*UTF8*$!
{
	archiveVersion = 1;
	classes = {
	};
	objectVersion = 50;
	objects = {

/* Begin PBXBuildFile section */
		4EE6CC222531FE8B00B71413 /* AppDelegate.swift in Sources */ = {isa = PBXBuildFile; fileRef = 4EE6CC212531FE8B00B71413 /* AppDelegate.swift */; };
		4EE6CC242531FE8B00B71413 /* SceneDelegate.swift in Sources */ = {isa = PBXBuildFile; fileRef = 4EE6CC232531FE8B00B71413 /* SceneDelegate.swift */; };
		4EE6CC262531FE8B00B71413 /* ViewController.swift in Sources */ = {isa = PBXBuildFile; fileRef = 4EE6CC252531FE8B00B71413 /* ViewController.swift */; };
		4EE6CC292531FE8B00B71413 /* Main.storyboard in Resources */ = {isa = PBXBuildFile; fileRef = 4EE6CC272531FE8B00B71413 /* Main.storyboard */; };
		4EE6CC2B2531FE8C00B71413 /* Assets.xcassets in Resources */ = {isa = PBXBuildFile; fileRef = 4EE6CC2A2531FE8C00B71413 /* Assets.xcassets */; };
		4EE6CC2E2531FE8C00B71413 /* LaunchScreen.storyboard in Resources */ = {isa = PBXBuildFile; fileRef = 4EE6CC2C2531FE8C00B71413 /* LaunchScreen.storyboard */; };
		4EE6CC392531FE8C00B71413 /* ParstagramTests.swift in Sources */ = {isa = PBXBuildFile; fileRef = 4EE6CC382531FE8C00B71413 /* ParstagramTests.swift */; };
		4EE6CC442531FE8C00B71413 /* ParstagramUITests.swift in Sources */ = {isa = PBXBuildFile; fileRef = 4EE6CC432531FE8C00B71413 /* ParstagramUITests.swift */; };
/* End PBXBuildFile section */

/* Begin PBXContainerItemProxy section */
		4EE6CC352531FE8C00B71413 /* PBXContainerItemProxy */ = {
			isa = PBXContainerItemProxy;
			containerPortal = 4EE6CC162531FE8B00B71413 /* Project object */;
			proxyType = 1;
			remoteGlobalIDString = 4EE6CC1D2531FE8B00B71413;
			remoteInfo = Parstagram;
		};
		4EE6CC402531FE8C00B71413 /* PBXContainerItemProxy */ = {
			isa = PBXContainerItemProxy;
			containerPortal = 4EE6CC162531FE8B00B71413 /* Project object */;
			proxyType = 1;
			remoteGlobalIDString = 4EE6CC1D2531FE8B00B71413;
			remoteInfo = Parstagram;
		};
/* End PBXContainerItemProxy section */

/* Begin PBXFileReference section */
		4EE6CC1E2531FE8B00B71413 /* Parstagram.app */ = {isa = PBXFileReference; explicitFileType = wrapper.application; includeInIndex = 0; path = Parstagram.app; sourceTree = BUILT_PRODUCTS_DIR; };
		4EE6CC212531FE8B00B71413 /* AppDelegate.swift */ = {isa = PBXFileReference; lastKnownFileType = sourcecode.swift; path = AppDelegate.swift; sourceTree = "<group>"; };
		4EE6CC232531FE8B00B71413 /* SceneDelegate.swift */ = {isa = PBXFileReference; lastKnownFileType = sourcecode.swift; path = SceneDelegate.swift; sourceTree = "<group>"; };
		4EE6CC252531FE8B00B71413 /* ViewController.swift */ = {isa = PBXFileReference; lastKnownFileType = sourcecode.swift; path = ViewController.swift; sourceTree = "<group>"; };
		4EE6CC282531FE8B00B71413 /* Base */ = {isa = PBXFileReference; lastKnownFileType = file.storyboard; name = Base; path = Base.lproj/Main.storyboard; sourceTree = "<group>"; };
		4EE6CC2A2531FE8C00B71413 /* Assets.xcassets */ = {isa = PBXFileReference; lastKnownFileType = folder.assetcatalog; path = Assets.xcassets; sourceTree = "<group>"; };
		4EE6CC2D2531FE8C00B71413 /* Base */ = {isa = PBXFileReference; lastKnownFileType = file.storyboard; name = Base; path = Base.lproj/LaunchScreen.storyboard; sourceTree = "<group>"; };
		4EE6CC2F2531FE8C00B71413 /* Info.plist */ = {isa = PBXFileReference; lastKnownFileType = text.plist.xml; path = Info.plist; sourceTree = "<group>"; };
		4EE6CC342531FE8C00B71413 /* ParstagramTests.xctest */ = {isa = PBXFileReference; explicitFileType = wrapper.cfbundle; includeInIndex = 0; path = ParstagramTests.xctest; sourceTree = BUILT_PRODUCTS_DIR; };
		4EE6CC382531FE8C00B71413 /* ParstagramTests.swift */ = {isa = PBXFileReference; lastKnownFileType = sourcecode.swift; path = ParstagramTests.swift; sourceTree = "<group>"; };
		4EE6CC3A2531FE8C00B71413 /* Info.plist */ = {isa = PBXFileReference; lastKnownFileType = text.plist.xml; path = Info.plist; sourceTree = "<group>"; };
		4EE6CC3F2531FE8C00B71413 /* ParstagramUITests.xctest */ = {isa = PBXFileReference; explicitFileType = wrapper.cfbundle; includeInIndex = 0; path = ParstagramUITests.xctest; sourceTree = BUILT_PRODUCTS_DIR; };
		4EE6CC432531FE8C00B71413 /* ParstagramUITests.swift */ = {isa = PBXFileReference; lastKnownFileType = sourcecode.swift; path = ParstagramUITests.swift; sourceTree = "<group>"; };
		4EE6CC452531FE8C00B71413 /* Info.plist */ = {isa = PBXFileReference; lastKnownFileType = text.plist.xml; path = Info.plist; sourceTree = "<group>"; };
/* End PBXFileReference section */

/* Begin PBXFrameworksBuildPhase section */
		4EE6CC1B2531FE8B00B71413 /* Frameworks */ = {
			isa = PBXFrameworksBuildPhase;
			buildActionMask = 2147483647;
			files = (
			);
			runOnlyForDeploymentPostprocessing = 0;
		};
		4EE6CC312531FE8C00B71413 /* Frameworks */ = {
			isa = PBXFrameworksBuildPhase;
			buildActionMask = 2147483647;
			files = (
			);
			runOnlyForDeploymentPostprocessing = 0;
		};
		4EE6CC3C2531FE8C00B71413 /* Frameworks */ = {
			isa = PBXFrameworksBuildPhase;
			buildActionMask = 2147483647;
			files = (
			);
			runOnlyForDeploymentPostprocessing = 0;
		};
/* End PBXFrameworksBuildPhase section */

/* Begin PBXGroup section */
		4EE6CC152531FE8B00B71413 = {
			isa = PBXGroup;
			children = (
				4EE6CC202531FE8B00B71413 /* Parstagram */,
				4EE6CC372531FE8C00B71413 /* ParstagramTests */,
				4EE6CC422531FE8C00B71413 /* ParstagramUITests */,
				4EE6CC1F2531FE8B00B71413 /* Products */,
			);
			sourceTree = "<group>";
		};
		4EE6CC1F2531FE8B00B71413 /* Products */ = {
			isa = PBXGroup;
			children = (
				4EE6CC1E2531FE8B00B71413 /* Parstagram.app */,
				4EE6CC342531FE8C00B71413 /* ParstagramTests.xctest */,
				4EE6CC3F2531FE8C00B71413 /* ParstagramUITests.xctest */,
			);
			name = Products;
			sourceTree = "<group>";
		};
		4EE6CC202531FE8B00B71413 /* Parstagram */ = {
			isa = PBXGroup;
			children = (
				4EE6CC212531FE8B00B71413 /* AppDelegate.swift */,
				4EE6CC232531FE8B00B71413 /* SceneDelegate.swift */,
				4EE6CC252531FE8B00B71413 /* ViewController.swift */,
				4EE6CC272531FE8B00B71413 /* Main.storyboard */,
				4EE6CC2A2531FE8C00B71413 /* Assets.xcassets */,
				4EE6CC2C2531FE8C00B71413 /* LaunchScreen.storyboard */,
				4EE6CC2F2531FE8C00B71413 /* Info.plist */,
			);
			path = Parstagram;
			sourceTree = "<group>";
		};
		4EE6CC372531FE8C00B71413 /* ParstagramTests */ = {
			isa = PBXGroup;
			children = (
				4EE6CC382531FE8C00B71413 /* ParstagramTests.swift */,
				4EE6CC3A2531FE8C00B71413 /* Info.plist */,
			);
			path = ParstagramTests;
			sourceTree = "<group>";
		};
		4EE6CC422531FE8C00B71413 /* ParstagramUITests */ = {
			isa = PBXGroup;
			children = (
				4EE6CC432531FE8C00B71413 /* ParstagramUITests.swift */,
				4EE6CC452531FE8C00B71413 /* Info.plist */,
			);
			path = ParstagramUITests;
			sourceTree = "<group>";
		};
/* End PBXGroup section */

/* Begin PBXNativeTarget section */
		4EE6CC1D2531FE8B00B71413 /* Parstagram */ = {
			isa = PBXNativeTarget;
			buildConfigurationList = 4EE6CC482531FE8C00B71413 /* Build configuration list for PBXNativeTarget "Parstagram" */;
			buildPhases = (
				4EE6CC1A2531FE8B00B71413 /* Sources */,
				4EE6CC1B2531FE8B00B71413 /* Frameworks */,
				4EE6CC1C2531FE8B00B71413 /* Resources */,
			);
			buildRules = (
			);
			dependencies = (
			);
			name = Parstagram;
			productName = Parstagram;
			productReference = 4EE6CC1E2531FE8B00B71413 /* Parstagram.app */;
			productType = "com.apple.product-type.application";
		};
		4EE6CC332531FE8C00B71413 /* ParstagramTests */ = {
			isa = PBXNativeTarget;
			buildConfigurationList = 4EE6CC4B2531FE8C00B71413 /* Build configuration list for PBXNativeTarget "ParstagramTests" */;
			buildPhases = (
				4EE6CC302531FE8C00B71413 /* Sources */,
				4EE6CC312531FE8C00B71413 /* Frameworks */,
				4EE6CC322531FE8C00B71413 /* Resources */,
			);
			buildRules = (
			);
			dependencies = (
				4EE6CC362531FE8C00B71413 /* PBXTargetDependency */,
			);
			name = ParstagramTests;
			productName = ParstagramTests;
			productReference = 4EE6CC342531FE8C00B71413 /* ParstagramTests.xctest */;
			productType = "com.apple.product-type.bundle.unit-test";
		};
		4EE6CC3E2531FE8C00B71413 /* ParstagramUITests */ = {
			isa = PBXNativeTarget;
			buildConfigurationList = 4EE6CC4E2531FE8C00B71413 /* Build configuration list for PBXNativeTarget "ParstagramUITests" */;
			buildPhases = (
				4EE6CC3B2531FE8C00B71413 /* Sources */,
				4EE6CC3C2531FE8C00B71413 /* Frameworks */,
				4EE6CC3D2531FE8C00B71413 /* Resources */,
			);
			buildRules = (
			);
			dependencies = (
				4EE6CC412531FE8C00B71413 /* PBXTargetDependency */,
			);
			name = ParstagramUITests;
			productName = ParstagramUITests;
			productReference = 4EE6CC3F2531FE8C00B71413 /* ParstagramUITests.xctest */;
			productType = "com.apple.product-type.bundle.ui-testing";
		};
/* End PBXNativeTarget section */

/* Begin PBXProject section */
		4EE6CC162531FE8B00B71413 /* Project object */ = {
			isa = PBXProject;
			attributes = {
				LastSwiftUpdateCheck = 1200;
				LastUpgradeCheck = 1200;
				TargetAttributes = {
					4EE6CC1D2531FE8B00B71413 = {
						CreatedOnToolsVersion = 12.0.1;
					};
					4EE6CC332531FE8C00B71413 = {
						CreatedOnToolsVersion = 12.0.1;
						TestTargetID = 4EE6CC1D2531FE8B00B71413;
					};
					4EE6CC3E2531FE8C00B71413 = {
						CreatedOnToolsVersion = 12.0.1;
						TestTargetID = 4EE6CC1D2531FE8B00B71413;
					};
				};
			};
			buildConfigurationList = 4EE6CC192531FE8B00B71413 /* Build configuration list for PBXProject "Parstagram" */;
			compatibilityVersion = "Xcode 9.3";
			developmentRegion = en;
			hasScannedForEncodings = 0;
			knownRegions = (
				en,
				Base,
			);
			mainGroup = 4EE6CC152531FE8B00B71413;
			productRefGroup = 4EE6CC1F2531FE8B00B71413 /* Products */;
			projectDirPath = "";
			projectRoot = "";
			targets = (
				4EE6CC1D2531FE8B00B71413 /* Parstagram */,
				4EE6CC332531FE8C00B71413 /* ParstagramTests */,
				4EE6CC3E2531FE8C00B71413 /* ParstagramUITests */,
			);
		};
/* End PBXProject section */

/* Begin PBXResourcesBuildPhase section */
		4EE6CC1C2531FE8B00B71413 /* Resources */ = {
			isa = PBXResourcesBuildPhase;
			buildActionMask = 2147483647;
			files = (
				4EE6CC2E2531FE8C00B71413 /* LaunchScreen.storyboard in Resources */,
				4EE6CC2B2531FE8C00B71413 /* Assets.xcassets in Resources */,
				4EE6CC292531FE8B00B71413 /* Main.storyboard in Resources */,
			);
			runOnlyForDeploymentPostprocessing = 0;
		};
		4EE6CC322531FE8C00B71413 /* Resources */ = {
			isa = PBXResourcesBuildPhase;
			buildActionMask = 2147483647;
			files = (
			);
			runOnlyForDeploymentPostprocessing = 0;
		};
		4EE6CC3D2531FE8C00B71413 /* Resources */ = {
			isa = PBXResourcesBuildPhase;
			buildActionMask = 2147483647;
			files = (
			);
			runOnlyForDeploymentPostprocessing = 0;
		};
/* End PBXResourcesBuildPhase section */

/* Begin PBXSourcesBuildPhase section */
		4EE6CC1A2531FE8B00B71413 /* Sources */ = {
			isa = PBXSourcesBuildPhase;
			buildActionMask = 2147483647;
			files = (
				4EE6CC262531FE8B00B71413 /* ViewController.swift in Sources */,
				4EE6CC222531FE8B00B71413 /* AppDelegate.swift in Sources */,
				4EE6CC242531FE8B00B71413 /* SceneDelegate.swift in Sources */,
			);
			runOnlyForDeploymentPostprocessing = 0;
		};
		4EE6CC302531FE8C00B71413 /* Sources */ = {
			isa = PBXSourcesBuildPhase;
			buildActionMask = 2147483647;
			files = (
				4EE6CC392531FE8C00B71413 /* ParstagramTests.swift in Sources */,
			);
			runOnlyForDeploymentPostprocessing = 0;
		};
		4EE6CC3B2531FE8C00B71413 /* Sources */ = {
			isa = PBXSourcesBuildPhase;
			buildActionMask = 2147483647;
			files = (
				4EE6CC442531FE8C00B71413 /* ParstagramUITests.swift in Sources */,
			);
			runOnlyForDeploymentPostprocessing = 0;
		};
/* End PBXSourcesBuildPhase section */

/* Begin PBXTargetDependency section */
		4EE6CC362531FE8C00B71413 /* PBXTargetDependency */ = {
			isa = PBXTargetDependency;
			target = 4EE6CC1D2531FE8B00B71413 /* Parstagram */;
			targetProxy = 4EE6CC352531FE8C00B71413 /* PBXContainerItemProxy */;
		};
		4EE6CC412531FE8C00B71413 /* PBXTargetDependency */ = {
			isa = PBXTargetDependency;
			target = 4EE6CC1D2531FE8B00B71413 /* Parstagram */;
			targetProxy = 4EE6CC402531FE8C00B71413 /* PBXContainerItemProxy */;
		};
/* End PBXTargetDependency section */

/* Begin PBXVariantGroup section */
		4EE6CC272531FE8B00B71413 /* Main.storyboard */ = {
			isa = PBXVariantGroup;
			children = (
				4EE6CC282531FE8B00B71413 /* Base */,
			);
			name = Main.storyboard;
			sourceTree = "<group>";
		};
		4EE6CC2C2531FE8C00B71413 /* LaunchScreen.storyboard */ = {
			isa = PBXVariantGroup;
			children = (
				4EE6CC2D2531FE8C00B71413 /* Base */,
			);
			name = LaunchScreen.storyboard;
			sourceTree = "<group>";
		};
/* End PBXVariantGroup section */

/* Begin XCBuildConfiguration section */
		4EE6CC462531FE8C00B71413 /* Debug */ = {
			isa = XCBuildConfiguration;
			buildSettings = {
				ALWAYS_SEARCH_USER_PATHS = NO;
				CLANG_ANALYZER_NONNULL = YES;
				CLANG_ANALYZER_NUMBER_OBJECT_CONVERSION = YES_AGGRESSIVE;
				CLANG_CXX_LANGUAGE_STANDARD = "gnu++14";
				CLANG_CXX_LIBRARY = "libc++";
				CLANG_ENABLE_MODULES = YES;
				CLANG_ENABLE_OBJC_ARC = YES;
				CLANG_ENABLE_OBJC_WEAK = YES;
				CLANG_WARN_BLOCK_CAPTURE_AUTORELEASING = YES;
				CLANG_WARN_BOOL_CONVERSION = YES;
				CLANG_WARN_COMMA = YES;
				CLANG_WARN_CONSTANT_CONVERSION = YES;
				CLANG_WARN_DEPRECATED_OBJC_IMPLEMENTATIONS = YES;
				CLANG_WARN_DIRECT_OBJC_ISA_USAGE = YES_ERROR;
				CLANG_WARN_DOCUMENTATION_COMMENTS = YES;
				CLANG_WARN_EMPTY_BODY = YES;
				CLANG_WARN_ENUM_CONVERSION = YES;
				CLANG_WARN_INFINITE_RECURSION = YES;
				CLANG_WARN_INT_CONVERSION = YES;
				CLANG_WARN_NON_LITERAL_NULL_CONVERSION = YES;
				CLANG_WARN_OBJC_IMPLICIT_RETAIN_SELF = YES;
				CLANG_WARN_OBJC_LITERAL_CONVERSION = YES;
				CLANG_WARN_OBJC_ROOT_CLASS = YES_ERROR;
				CLANG_WARN_QUOTED_INCLUDE_IN_FRAMEWORK_HEADER = YES;
				CLANG_WARN_RANGE_LOOP_ANALYSIS = YES;
				CLANG_WARN_STRICT_PROTOTYPES = YES;
				CLANG_WARN_SUSPICIOUS_MOVE = YES;
				CLANG_WARN_UNGUARDED_AVAILABILITY = YES_AGGRESSIVE;
				CLANG_WARN_UNREACHABLE_CODE = YES;
				CLANG_WARN__DUPLICATE_METHOD_MATCH = YES;
				COPY_PHASE_STRIP = NO;
				DEBUG_INFORMATION_FORMAT = dwarf;
				ENABLE_STRICT_OBJC_MSGSEND = YES;
				ENABLE_TESTABILITY = YES;
				GCC_C_LANGUAGE_STANDARD = gnu11;
				GCC_DYNAMIC_NO_PIC = NO;
				GCC_NO_COMMON_BLOCKS = YES;
				GCC_OPTIMIZATION_LEVEL = 0;
				GCC_PREPROCESSOR_DEFINITIONS = (
					"DEBUG=1",
					"$(inherited)",
				);
				GCC_WARN_64_TO_32_BIT_CONVERSION = YES;
				GCC_WARN_ABOUT_RETURN_TYPE = YES_ERROR;
				GCC_WARN_UNDECLARED_SELECTOR = YES;
				GCC_WARN_UNINITIALIZED_AUTOS = YES_AGGRESSIVE;
				GCC_WARN_UNUSED_FUNCTION = YES;
				GCC_WARN_UNUSED_VARIABLE = YES;
				IPHONEOS_DEPLOYMENT_TARGET = 14.0;
				MTL_ENABLE_DEBUG_INFO = INCLUDE_SOURCE;
				MTL_FAST_MATH = YES;
				ONLY_ACTIVE_ARCH = YES;
				SDKROOT = iphoneos;
				SWIFT_ACTIVE_COMPILATION_CONDITIONS = DEBUG;
				SWIFT_OPTIMIZATION_LEVEL = "-Onone";
			};
			name = Debug;
		};
		4EE6CC472531FE8C00B71413 /* Release */ = {
			isa = XCBuildConfiguration;
			buildSettings = {
				ALWAYS_SEARCH_USER_PATHS = NO;
				CLANG_ANALYZER_NONNULL = YES;
				CLANG_ANALYZER_NUMBER_OBJECT_CONVERSION = YES_AGGRESSIVE;
				CLANG_CXX_LANGUAGE_STANDARD = "gnu++14";
				CLANG_CXX_LIBRARY = "libc++";
				CLANG_ENABLE_MODULES = YES;
				CLANG_ENABLE_OBJC_ARC = YES;
				CLANG_ENABLE_OBJC_WEAK = YES;
				CLANG_WARN_BLOCK_CAPTURE_AUTORELEASING = YES;
				CLANG_WARN_BOOL_CONVERSION = YES;
				CLANG_WARN_COMMA = YES;
				CLANG_WARN_CONSTANT_CONVERSION = YES;
				CLANG_WARN_DEPRECATED_OBJC_IMPLEMENTATIONS = YES;
				CLANG_WARN_DIRECT_OBJC_ISA_USAGE = YES_ERROR;
				CLANG_WARN_DOCUMENTATION_COMMENTS = YES;
				CLANG_WARN_EMPTY_BODY = YES;
				CLANG_WARN_ENUM_CONVERSION = YES;
				CLANG_WARN_INFINITE_RECURSION = YES;
				CLANG_WARN_INT_CONVERSION = YES;
				CLANG_WARN_NON_LITERAL_NULL_CONVERSION = YES;
				CLANG_WARN_OBJC_IMPLICIT_RETAIN_SELF = YES;
				CLANG_WARN_OBJC_LITERAL_CONVERSION = YES;
				CLANG_WARN_OBJC_ROOT_CLASS = YES_ERROR;
				CLANG_WARN_QUOTED_INCLUDE_IN_FRAMEWORK_HEADER = YES;
				CLANG_WARN_RANGE_LOOP_ANALYSIS = YES;
				CLANG_WARN_STRICT_PROTOTYPES = YES;
				CLANG_WARN_SUSPICIOUS_MOVE = YES;
				CLANG_WARN_UNGUARDED_AVAILABILITY = YES_AGGRESSIVE;
				CLANG_WARN_UNREACHABLE_CODE = YES;
				CLANG_WARN__DUPLICATE_METHOD_MATCH = YES;
				COPY_PHASE_STRIP = NO;
				DEBUG_INFORMATION_FORMAT = "dwarf-with-dsym";
				ENABLE_NS_ASSERTIONS = NO;
				ENABLE_STRICT_OBJC_MSGSEND = YES;
				GCC_C_LANGUAGE_STANDARD = gnu11;
				GCC_NO_COMMON_BLOCKS = YES;
				GCC_WARN_64_TO_32_BIT_CONVERSION = YES;
				GCC_WARN_ABOUT_RETURN_TYPE = YES_ERROR;
				GCC_WARN_UNDECLARED_SELECTOR = YES;
				GCC_WARN_UNINITIALIZED_AUTOS = YES_AGGRESSIVE;
				GCC_WARN_UNUSED_FUNCTION = YES;
				GCC_WARN_UNUSED_VARIABLE = YES;
				IPHONEOS_DEPLOYMENT_TARGET = 14.0;
				MTL_ENABLE_DEBUG_INFO = NO;
				MTL_FAST_MATH = YES;
				SDKROOT = iphoneos;
				SWIFT_COMPILATION_MODE = wholemodule;
				SWIFT_OPTIMIZATION_LEVEL = "-O";
				VALIDATE_PRODUCT = YES;
			};
			name = Release;
		};
		4EE6CC492531FE8C00B71413 /* Debug */ = {
			isa = XCBuildConfiguration;
			buildSettings = {
				ASSETCATALOG_COMPILER_APPICON_NAME = AppIcon;
				ASSETCATALOG_COMPILER_GLOBAL_ACCENT_COLOR_NAME = AccentColor;
				CODE_SIGN_STYLE = Automatic;
				INFOPLIST_FILE = Parstagram/Info.plist;
				LD_RUNPATH_SEARCH_PATHS = (
					"$(inherited)",
					"@executable_path/Frameworks",
				);
				PRODUCT_BUNDLE_IDENTIFIER = "Gary-Feng.Parstagram";
				PRODUCT_NAME = "$(TARGET_NAME)";
				SWIFT_VERSION = 5.0;
				TARGETED_DEVICE_FAMILY = "1,2";
			};
			name = Debug;
		};
		4EE6CC4A2531FE8C00B71413 /* Release */ = {
			isa = XCBuildConfiguration;
			buildSettings = {
				ASSETCATALOG_COMPILER_APPICON_NAME = AppIcon;
				ASSETCATALOG_COMPILER_GLOBAL_ACCENT_COLOR_NAME = AccentColor;
				CODE_SIGN_STYLE = Automatic;
				INFOPLIST_FILE = Parstagram/Info.plist;
				LD_RUNPATH_SEARCH_PATHS = (
					"$(inherited)",
					"@executable_path/Frameworks",
				);
				PRODUCT_BUNDLE_IDENTIFIER = "Gary-Feng.Parstagram";
				PRODUCT_NAME = "$(TARGET_NAME)";
				SWIFT_VERSION = 5.0;
				TARGETED_DEVICE_FAMILY = "1,2";
			};
			name = Release;
		};
		4EE6CC4C2531FE8C00B71413 /* Debug */ = {
			isa = XCBuildConfiguration;
			buildSettings = {
				ALWAYS_EMBED_SWIFT_STANDARD_LIBRARIES = YES;
				BUNDLE_LOADER = "$(TEST_HOST)";
				CODE_SIGN_STYLE = Automatic;
				INFOPLIST_FILE = ParstagramTests/Info.plist;
				IPHONEOS_DEPLOYMENT_TARGET = 14.0;
				LD_RUNPATH_SEARCH_PATHS = (
					"$(inherited)",
					"@executable_path/Frameworks",
					"@loader_path/Frameworks",
				);
				PRODUCT_BUNDLE_IDENTIFIER = "Gary-Feng.ParstagramTests";
				PRODUCT_NAME = "$(TARGET_NAME)";
				SWIFT_VERSION = 5.0;
				TARGETED_DEVICE_FAMILY = "1,2";
				TEST_HOST = "$(BUILT_PRODUCTS_DIR)/Parstagram.app/Parstagram";
			};
			name = Debug;
		};
		4EE6CC4D2531FE8C00B71413 /* Release */ = {
			isa = XCBuildConfiguration;
			buildSettings = {
				ALWAYS_EMBED_SWIFT_STANDARD_LIBRARIES = YES;
				BUNDLE_LOADER = "$(TEST_HOST)";
				CODE_SIGN_STYLE = Automatic;
				INFOPLIST_FILE = ParstagramTests/Info.plist;
				IPHONEOS_DEPLOYMENT_TARGET = 14.0;
				LD_RUNPATH_SEARCH_PATHS = (
					"$(inherited)",
					"@executable_path/Frameworks",
					"@loader_path/Frameworks",
				);
				PRODUCT_BUNDLE_IDENTIFIER = "Gary-Feng.ParstagramTests";
				PRODUCT_NAME = "$(TARGET_NAME)";
				SWIFT_VERSION = 5.0;
				TARGETED_DEVICE_FAMILY = "1,2";
				TEST_HOST = "$(BUILT_PRODUCTS_DIR)/Parstagram.app/Parstagram";
			};
			name = Release;
		};
		4EE6CC4F2531FE8C00B71413 /* Debug */ = {
			isa = XCBuildConfiguration;
			buildSettings = {
				ALWAYS_EMBED_SWIFT_STANDARD_LIBRARIES = YES;
				CODE_SIGN_STYLE = Automatic;
				INFOPLIST_FILE = ParstagramUITests/Info.plist;
				LD_RUNPATH_SEARCH_PATHS = (
					"$(inherited)",
					"@executable_path/Frameworks",
					"@loader_path/Frameworks",
				);
				PRODUCT_BUNDLE_IDENTIFIER = "Gary-Feng.ParstagramUITests";
				PRODUCT_NAME = "$(TARGET_NAME)";
				SWIFT_VERSION = 5.0;
				TARGETED_DEVICE_FAMILY = "1,2";
				TEST_TARGET_NAME = Parstagram;
			};
			name = Debug;
		};
		4EE6CC502531FE8C00B71413 /* Release */ = {
			isa = XCBuildConfiguration;
			buildSettings = {
				ALWAYS_EMBED_SWIFT_STANDARD_LIBRARIES = YES;
				CODE_SIGN_STYLE = Automatic;
				INFOPLIST_FILE = ParstagramUITests/Info.plist;
				LD_RUNPATH_SEARCH_PATHS = (
					"$(inherited)",
					"@executable_path/Frameworks",
					"@loader_path/Frameworks",
				);
				PRODUCT_BUNDLE_IDENTIFIER = "Gary-Feng.ParstagramUITests";
				PRODUCT_NAME = "$(TARGET_NAME)";
				SWIFT_VERSION = 5.0;
				TARGETED_DEVICE_FAMILY = "1,2";
				TEST_TARGET_NAME = Parstagram;
			};
			name = Release;
		};
/* End XCBuildConfiguration section */

/* Begin XCConfigurationList section */
		4EE6CC192531FE8B00B71413 /* Build configuration list for PBXProject "Parstagram" */ = {
			isa = XCConfigurationList;
			buildConfigurations = (
				4EE6CC462531FE8C00B71413 /* Debug */,
				4EE6CC472531FE8C00B71413 /* Release */,
			);
			defaultConfigurationIsVisible = 0;
			defaultConfigurationName = Release;
		};
		4EE6CC482531FE8C00B71413 /* Build configuration list for PBXNativeTarget "Parstagram" */ = {
			isa = XCConfigurationList;
			buildConfigurations = (
				4EE6CC492531FE8C00B71413 /* Debug */,
				4EE6CC4A2531FE8C00B71413 /* Release */,
			);
			defaultConfigurationIsVisible = 0;
			defaultConfigurationName = Release;
		};
		4EE6CC4B2531FE8C00B71413 /* Build configuration list for PBXNativeTarget "ParstagramTests" */ = {
			isa = XCConfigurationList;
			buildConfigurations = (
				4EE6CC4C2531FE8C00B71413 /* Debug */,
				4EE6CC4D2531FE8C00B71413 /* Release */,
			);
			defaultConfigurationIsVisible = 0;
			defaultConfigurationName = Release;
		};
		4EE6CC4E2531FE8C00B71413 /* Build configuration list for PBXNativeTarget "ParstagramUITests" */ = {
			isa = XCConfigurationList;
			buildConfigurations = (
				4EE6CC4F2531FE8C00B71413 /* Debug */,
				4EE6CC502531FE8C00B71413 /* Release */,
			);
			defaultConfigurationIsVisible = 0;
			defaultConfigurationName = Release;
		};
/* End XCConfigurationList section */
	};
	rootObject = 4EE6CC162531FE8B00B71413 /* Project object */;
}
